
Microsoft Visual Studio Solution File, Format Version 12.00
# Visual Studio Version 17
VisualStudioVersion = 17.10.35122.118
MinimumVisualStudioVersion = 10.0.40219.1
Project("{9A19103F-16F7-4668-BE54-9A1E7A4F7556}") = "01.HelloDeveloper", "01.HelloDeveloper\01.HelloDeveloper.csproj", "{AB3EA060-23FB-4A2B-9DF7-69F12C46FE0C}"
EndProject
Project("{9A19103F-16F7-4668-BE54-9A1E7A4F7556}") = "ListAllProjectsInFolder", "ListAllProjectsInFolder\ListAllProjectsInFolder.csproj", "{05636AC2-8482-4950-8263-0482C41ED8F4}"
EndProject
Project("{9A19103F-16F7-4668-BE54-9A1E7A4F7556}") = "OOPWithIOTDeviceSample", "OOPWithIOTDeviceSample\OOPWithIOTDeviceSample.csproj", "{C93C4336-5AE2-4BAF-B9AD-4B7003B642C3}"
EndProject
Project("{9A19103F-16F7-4668-BE54-9A1E7A4F7556}") = "TypeSafetyDemo", "TypeSafetyDemo\TypeSafetyDemo.csproj", "{B4522C3A-3DC3-4A82-A1B3-0D7B37C0D09C}"
EndProject
Project("{9A19103F-16F7-4668-BE54-9A1E7A4F7556}") = "04.GarbageCollectorDemo", "04.GarbageCollectorDemo\04.GarbageCollectorDemo.csproj", "{6C99AACF-2E60-4A59-AE90-A16C05CB2D3D}"
EndProject
Project("{9A19103F-16F7-4668-BE54-9A1E7A4F7556}") = "Binding", "Binding\Binding.csproj", "{8E2A5BC8-D1F7-46F2-A78B-12052966BD41}"
EndProject
Project("{9A19103F-16F7-4668-BE54-9A1E7A4F7556}") = "AppDomainUsage", "AppDomainUsage\AppDomainUsage.csproj", "{61DCBC4B-9D79-4DC2-8736-2C82D763DDDF}"
EndProject
Project("{9A19103F-16F7-4668-BE54-9A1E7A4F7556}") = "ReservedWordsAndDataTypes", "ReservedWordsAndDataTypes\ReservedWordsAndDataTypes.csproj", "{19C2608C-4F12-4A42-AA81-409984DA4654}"
EndProject
Project("{9A19103F-16F7-4668-BE54-9A1E7A4F7556}") = "AbstractionAndInheritanceDemo", "AbstractionAndInheritanceDemo\AbstractionAndInheritanceDemo.csproj", "{047A180A-01A1-42F1-ACE4-AB7BE7D2F5EC}"
EndProject
Project("{9A19103F-16F7-4668-BE54-9A1E7A4F7556}") = "ContextualKeywordsDemo", "ContextualKeywordsDemo\ContextualKeywordsDemo.csproj", "{39EAB2A0-6265-436D-97D6-68EDA59A9072}"
EndProject
Project("{9A19103F-16F7-4668-BE54-9A1E7A4F7556}") = "BitManipulationDemo", "BitManipulationDemo\BitManipulationDemo.csproj", "{823BAEE7-8E10-41C7-A38C-B64FBFF02F7E}"
EndProject
Project("{9A19103F-16F7-4668-BE54-9A1E7A4F7556}") = "LiteralsPunctuatorsOperatorsDemo", "LiteralsPunctuatorsOperatorsDemo\LiteralsPunctuatorsOperatorsDemo.csproj", "{7F93BF19-33B1-40C6-887A-381028097787}"
EndProject
Project("{9A19103F-16F7-4668-BE54-9A1E7A4F7556}") = "GenericMathDemo", "GenericMathDemo\GenericMathDemo.csproj", "{1CC511B7-4569-44C7-9509-C76F6846A730}"
EndProject
Project("{9A19103F-16F7-4668-BE54-9A1E7A4F7556}") = "GarbageCollectionOverViewDemo", "GarbageCollectionOverViewDemo\GarbageCollectionOverViewDemo.csproj", "{52C2DC8E-B5DF-4C89-B0A5-93569283D819}"
EndProject
Project("{9A19103F-16F7-4668-BE54-9A1E7A4F7556}") = "InstanceVsStaticDemo", "InstanceVsStaticDemo\InstanceVsStaticDemo.csproj", "{033BBDB6-74BB-4891-81F1-6B70F6DFAA26}"
EndProject
Project("{9A19103F-16F7-4668-BE54-9A1E7A4F7556}") = "TypeConversionDemo", "TypeConversionDemo\TypeConversionDemo.csproj", "{13755ABB-B687-445B-AED1-14E54D9E4754}"
EndProject
Project("{9A19103F-16F7-4668-BE54-9A1E7A4F7556}") = "ValueTypesVsReferenceTypesDemo", "ValueTypesVsReferenceTypesDemo\ValueTypesVsReferenceTypesDemo.csproj", "{B1FCA225-9F67-4974-A966-525073ECFC06}"
EndProject
Project("{9A19103F-16F7-4668-BE54-9A1E7A4F7556}") = "NullableReferenceTypesDemo", "NullableReferenceTypesDemo\NullableReferenceTypesDemo.csproj", "{ED5F2479-AA6E-401A-987E-C8DB84CB5011}"
EndProject
Project("{9A19103F-16F7-4668-BE54-9A1E7A4F7556}") = "TypeTaxonomyDemo", "TypeTaxonomyDemo\TypeTaxonomyDemo.csproj", "{FC626CDD-7BB5-44C0-BCAB-7D910EF1890C}"
EndProject
Project("{9A19103F-16F7-4668-BE54-9A1E7A4F7556}") = "NumericTypesDemo", "NumericTypesDemo\NumericTypesDemo.csproj", "{5B0B5FCE-73F4-4085-833D-013A4FF17451}"
EndProject
Project("{9A19103F-16F7-4668-BE54-9A1E7A4F7556}") = "NumericLiteralsDemo", "NumericLiteralsDemo\NumericLiteralsDemo.csproj", "{36824AB2-4685-410F-B3C6-BB70DEB6D204}"
EndProject
Project("{9A19103F-16F7-4668-BE54-9A1E7A4F7556}") = "NumericSuffixesDemo", "NumericSuffixesDemo\NumericSuffixesDemo.csproj", "{1CAF4B91-F5A0-447F-B3DE-A39E1A67C384}"
EndProject
Project("{9A19103F-16F7-4668-BE54-9A1E7A4F7556}") = "FloatingPointConversions", "FloatingPointConversions\FloatingPointConversions.csproj", "{222423DF-E0FA-4093-B71A-8671EA7CFBB6}"
EndProject
Project("{9A19103F-16F7-4668-BE54-9A1E7A4F7556}") = "ArithmeticOperatorsDemo", "ArithmeticOperatorsDemo\ArithmeticOperatorsDemo.csproj", "{3F1A6F16-B706-478F-ABC5-DA741BE71C2D}"
EndProject
Project("{9A19103F-16F7-4668-BE54-9A1E7A4F7556}") = "FloatingPointDemo", "FloatingPointDemo\FloatingPointDemo.csproj", "{77EB4899-8214-4189-BA97-25256CBC7A6F}"
EndProject
Project("{9A19103F-16F7-4668-BE54-9A1E7A4F7556}") = "DecimalVsDouble", "DecimalVsDouble\DecimalVsDouble.csproj", "{027E77B2-2985-4B19-A43C-2CB82A99A24A}"
EndProject
Project("{9A19103F-16F7-4668-BE54-9A1E7A4F7556}") = "RoundingErrorsDemo", "RoundingErrorsDemo\RoundingErrorsDemo.csproj", "{FD2902A4-390B-4C45-AA3E-3A800DEAE31D}"
EndProject
Project("{9A19103F-16F7-4668-BE54-9A1E7A4F7556}") = "BooleanDemo", "BooleanDemo\BooleanDemo.csproj", "{6A1D52BB-393F-4762-94F6-205CAE7A6793}"
EndProject
Project("{9A19103F-16F7-4668-BE54-9A1E7A4F7556}") = "EscapeSequencesDemo", "EscapeSequencesDemo\EscapeSequencesDemo.csproj", "{E435FCF3-BE8E-4EBC-989D-8641ECD4C026}"
EndProject
Project("{9A19103F-16F7-4668-BE54-9A1E7A4F7556}") = "CharConversionsDemo", "CharConversionsDemo\CharConversionsDemo.csproj", "{673B2F20-A8CE-482D-BF5B-16CC3D2401C4}"
EndProject
Project("{9A19103F-16F7-4668-BE54-9A1E7A4F7556}") = "StringDemo", "StringDemo\StringDemo.csproj", "{35AA4679-F5C9-4EB9-9D21-7D12B0257B58}"
EndProject
Project("{9A19103F-16F7-4668-BE54-9A1E7A4F7556}") = "RawStringDemo", "RawStringDemo\RawStringDemo.csproj", "{FC204225-8E82-4088-A4FA-C8C9DE2A39B2}"
EndProject
Project("{9A19103F-16F7-4668-BE54-9A1E7A4F7556}") = "StringComparisonDemo", "StringComparisonDemo\StringComparisonDemo.csproj", "{E4D1AD25-3435-4A49-8037-BF06BA931C6C}"
EndProject
Project("{9A19103F-16F7-4668-BE54-9A1E7A4F7556}") = "Utf8StringsDemo", "Utf8StringsDemo\Utf8StringsDemo.csproj", "{E5D8B013-1CF8-4825-B4A1-AA41FF311A67}"
EndProject
Project("{9A19103F-16F7-4668-BE54-9A1E7A4F7556}") = "ArraysDemo", "ArraysDemo\ArraysDemo.csproj", "{075403F4-AFED-487D-98EE-2E2EACD4352B}"
EndProject
Project("{9A19103F-16F7-4668-BE54-9A1E7A4F7556}") = "ArrayAddressDemo", "ArrayAddressDemo\ArrayAddressDemo.csproj", "{3BA2670A-9094-4FEE-9171-02160E95C043}"
EndProject
Project("{9A19103F-16F7-4668-BE54-9A1E7A4F7556}") = "VariableParameterDemo", "VariableParameterDemo\VariableParameterDemo.csproj", "{0F83BA0C-7F41-4C4F-BCE8-62CD7BFD1658}"
EndProject
Project("{9A19103F-16F7-4668-BE54-9A1E7A4F7556}") = "StackHeapDemo", "StackHeapDemo\StackHeapDemo.csproj", "{A0D625DC-2DFE-43E0-A479-6A443A25FF65}"
EndProject
Project("{9A19103F-16F7-4668-BE54-9A1E7A4F7556}") = "DefiniteAssignmentRuleDemo", "DefiniteAssignmentRuleDemo\DefiniteAssignmentRuleDemo.csproj", "{F16E18E2-7861-4CE1-8308-754DBA7D95B0}"
EndProject
Project("{9A19103F-16F7-4668-BE54-9A1E7A4F7556}") = "DefaultValuesExample", "DefaultValuesExample\DefaultValuesExample.csproj", "{E355F40F-5AB7-4277-943F-65D0F7B7157C}"
EndProject
Project("{9A19103F-16F7-4668-BE54-9A1E7A4F7556}") = "MethodParametersDemo", "MethodParametersDemo\MethodParametersDemo.csproj", "{823B1275-0944-4EB2-B0D5-ADE90E04FE8B}"
EndProject
Project("{9A19103F-16F7-4668-BE54-9A1E7A4F7556}") = "OptionalParametersandNamedArgumentsDemo", "OptionalParametersandNamedArgumentsDemo\OptionalParametersandNamedArgumentsDemo.csproj", "{AB0DB148-C8F5-4B41-8A6D-34DA4B3217AE}"
EndProject
Project("{9A19103F-16F7-4668-BE54-9A1E7A4F7556}") = "RefLocalsDemo", "RefLocalsDemo\RefLocalsDemo.csproj", "{6B48238B-2F19-4B71-A763-A1F40B09E234}"
EndProject
Project("{9A19103F-16F7-4668-BE54-9A1E7A4F7556}") = "RefReturnsDemo", "RefReturnsDemo\RefReturnsDemo.csproj", "{A66ACCCB-1CB0-461B-85BE-5269F02790E9}"
EndProject
Project("{9A19103F-16F7-4668-BE54-9A1E7A4F7556}") = "ImplicitlyTypedVariablesDemo", "ImplicitlyTypedVariablesDemo\ImplicitlyTypedVariablesDemo.csproj", "{385E3E44-DEE3-4FBA-AA02-6C749D13DAB5}"
EndProject
Project("{9A19103F-16F7-4668-BE54-9A1E7A4F7556}") = "TargetTypedNewDemo", "TargetTypedNewDemo\TargetTypedNewDemo.csproj", "{3E31E647-D98C-4C1E-AA2F-B47F376386D5}"
EndProject
Project("{9A19103F-16F7-4668-BE54-9A1E7A4F7556}") = "ExpressionAndOperatorsDemo", "ExpressionAndOperatorsDemo\ExpressionAndOperatorsDemo.csproj", "{98900E20-8B51-42DA-A784-B6468E302ADC}"
EndProject
Project("{9A19103F-16F7-4668-BE54-9A1E7A4F7556}") = "AssignmentDemo", "AssignmentDemo\AssignmentDemo.csproj", "{546E73DC-F35A-4E9D-BCBB-F350CAFF5FF3}"
EndProject
Project("{9A19103F-16F7-4668-BE54-9A1E7A4F7556}") = "OperatorPrecedenceDemo", "OperatorPrecedenceDemo\OperatorPrecedenceDemo.csproj", "{4735B1AE-51BD-4C2D-8758-728672C5CE8B}"
EndProject
Project("{9A19103F-16F7-4668-BE54-9A1E7A4F7556}") = "OperatorAssociativityDemo", "OperatorAssociativityDemo\OperatorAssociativityDemo.csproj", "{749B92AE-73E3-477C-8E4B-6F49666DC0AB}"
EndProject
Project("{9A19103F-16F7-4668-BE54-9A1E7A4F7556}") = "BitwiseOperations", "BitwiseOperations\BitwiseOperations.csproj", "{0341FE66-9E01-4EE2-A522-57B398736790}"
EndProject
Project("{9A19103F-16F7-4668-BE54-9A1E7A4F7556}") = "OperatorsListDemo", "OperatorsListDemo\OperatorsListDemo.csproj", "{CB1D0F08-67B4-46FF-9FC7-E6417954A3B8}"
EndProject
Project("{9A19103F-16F7-4668-BE54-9A1E7A4F7556}") = "NullOperatorsDemo", "NullOperatorsDemo\NullOperatorsDemo.csproj", "{A97295AA-6F02-4C43-80C2-DAA0380A2D3B}"
EndProject
Project("{9A19103F-16F7-4668-BE54-9A1E7A4F7556}") = "SimpleStatmentDemo", "SimpleStatmentDemo\SimpleStatmentDemo.csproj", "{BC4DC13B-0FB3-4FB7-9A21-D02F0429E576}"
EndProject
Project("{9A19103F-16F7-4668-BE54-9A1E7A4F7556}") = "ExpressionStatementsDemo", "ExpressionStatementsDemo\ExpressionStatementsDemo.csproj", "{2FCCD254-E7BF-4F8B-8543-4AE786C9F7D0}"
EndProject
Project("{9A19103F-16F7-4668-BE54-9A1E7A4F7556}") = "SelectionStatmentDemo", "SelectionStatmentDemo\SelectionStatmentDemo.csproj", "{E3209B82-73E4-4040-990C-160FC7B86A28}"
EndProject
Project("{9A19103F-16F7-4668-BE54-9A1E7A4F7556}") = "IterationStatmentDemo", "IterationStatmentDemo\IterationStatmentDemo.csproj", "{1840F855-3895-4CF2-808C-47D28A126AF1}"
EndProject
Project("{9A19103F-16F7-4668-BE54-9A1E7A4F7556}") = "JumpStatementDemo", "JumpStatementDemo\JumpStatementDemo.csproj", "{36E65C08-6B3D-4D9F-8A7C-7DB536FF20B6}"
EndProject
Project("{9A19103F-16F7-4668-BE54-9A1E7A4F7556}") = "MiscellaneousStatementsDemo", "MiscellaneousStatementsDemo\MiscellaneousStatementsDemo.csproj", "{B3346A20-AD87-496C-8728-7A8E9B666B6B}"
EndProject
Project("{9A19103F-16F7-4668-BE54-9A1E7A4F7556}") = "NamespacesDemo", "NamespacesDemo\NamespacesDemo.csproj", "{DDAEF311-94F6-4D2F-A9D1-204BF6A8B5F3}"
EndProject
Project("{9A19103F-16F7-4668-BE54-9A1E7A4F7556}") = "GlobalUsingDemo", "GlobalUsingDemo\GlobalUsingDemo.csproj", "{CC6BD69F-EAF7-4529-8E52-FE64925D6608}"
EndProject
Project("{9A19103F-16F7-4668-BE54-9A1E7A4F7556}") = "ImplicitGlobalUsingDemo", "ImplicitGlobalUsingDemo\ImplicitGlobalUsingDemo.csproj", "{3EAB416B-1923-4BAE-9748-E0BABED0A95B}"
EndProject
Project("{9A19103F-16F7-4668-BE54-9A1E7A4F7556}") = "UsingStaticDemo", "UsingStaticDemo\UsingStaticDemo.csproj", "{1F6DB1EB-001E-44E4-A606-FA9E973D0145}"
EndProject
Project("{9A19103F-16F7-4668-BE54-9A1E7A4F7556}") = "AliasAnyTypeDemo", "AliasAnyTypeDemo\AliasAnyTypeDemo.csproj", "{C8CC6EFA-407D-4DE9-ABCB-EAFF7979CD8A}"
EndProject
Project("{9A19103F-16F7-4668-BE54-9A1E7A4F7556}") = "ExternAssemblyAliasDemo", "ExternAssemblyAliasDemo\ExternAssemblyAliasDemo.csproj", "{AC0BE292-3C7B-4DA3-A5C2-434F32541CBF}"
EndProject
Project("{9A19103F-16F7-4668-BE54-9A1E7A4F7556}") = "GridV1", "ExternAssemblyAliasDemo\Lib\GridV1\GridV1.csproj", "{AB86ADE2-74D8-42F6-9CED-E71417383E8C}"
EndProject
Project("{9A19103F-16F7-4668-BE54-9A1E7A4F7556}") = "GridV2", "ExternAssemblyAliasDemo\Lib\GridV2\GridV2.csproj", "{C85E1FD9-F432-41DE-A42E-37F391E683DF}"
EndProject
Project("{9A19103F-16F7-4668-BE54-9A1E7A4F7556}") = "SimpleClassDemo", "SimpleClassDemo\SimpleClassDemo.csproj", "{08A8732F-AA2F-4175-9DCB-D6079D8C90EE}"
EndProject
Project("{9A19103F-16F7-4668-BE54-9A1E7A4F7556}") = "ClassModifierDemo", "ClassModifierDemo\ClassModifierDemo.csproj", "{6CF2AFD1-1C9E-4228-A5BE-80EDBF44B319}"
EndProject
Project("{9A19103F-16F7-4668-BE54-9A1E7A4F7556}") = "SimpleAppWithAbstractClassDemo", "SimpleAppWithAbstractClassDemo\SimpleAppWithAbstractClassDemo.csproj", "{DC2DE4F3-C388-4298-9508-467818C67170}"
EndProject
Project("{9A19103F-16F7-4668-BE54-9A1E7A4F7556}") = "InternalClassDemo", "InternalClassDemo\InternalClassDemo.csproj", "{F7DB06E0-ACC7-42B0-ABE3-D6E1F19B9A23}"
EndProject
Project("{FAE04EC0-301F-11D3-BF4B-00C04F79EFBC}") = "SealedClassDemo", "SealedClassDemo\SealedClassDemo.csproj", "{B0971DCE-8000-45CA-A463-A52050E3C963}"
EndProject
Global
	GlobalSection(SolutionConfigurationPlatforms) = preSolution
		Debug|Any CPU = Debug|Any CPU
		Release|Any CPU = Release|Any CPU
	EndGlobalSection
	GlobalSection(ProjectConfigurationPlatforms) = postSolution
		{AB3EA060-23FB-4A2B-9DF7-69F12C46FE0C}.Debug|Any CPU.ActiveCfg = Debug|Any CPU
		{AB3EA060-23FB-4A2B-9DF7-69F12C46FE0C}.Debug|Any CPU.Build.0 = Debug|Any CPU
		{AB3EA060-23FB-4A2B-9DF7-69F12C46FE0C}.Release|Any CPU.ActiveCfg = Release|Any CPU
		{AB3EA060-23FB-4A2B-9DF7-69F12C46FE0C}.Release|Any CPU.Build.0 = Release|Any CPU
		{05636AC2-8482-4950-8263-0482C41ED8F4}.Debug|Any CPU.ActiveCfg = Debug|Any CPU
		{05636AC2-8482-4950-8263-0482C41ED8F4}.Debug|Any CPU.Build.0 = Debug|Any CPU
		{05636AC2-8482-4950-8263-0482C41ED8F4}.Release|Any CPU.ActiveCfg = Release|Any CPU
		{05636AC2-8482-4950-8263-0482C41ED8F4}.Release|Any CPU.Build.0 = Release|Any CPU
		{C93C4336-5AE2-4BAF-B9AD-4B7003B642C3}.Debug|Any CPU.ActiveCfg = Debug|Any CPU
		{C93C4336-5AE2-4BAF-B9AD-4B7003B642C3}.Debug|Any CPU.Build.0 = Debug|Any CPU
		{C93C4336-5AE2-4BAF-B9AD-4B7003B642C3}.Release|Any CPU.ActiveCfg = Release|Any CPU
		{C93C4336-5AE2-4BAF-B9AD-4B7003B642C3}.Release|Any CPU.Build.0 = Release|Any CPU
		{B4522C3A-3DC3-4A82-A1B3-0D7B37C0D09C}.Debug|Any CPU.ActiveCfg = Debug|Any CPU
		{B4522C3A-3DC3-4A82-A1B3-0D7B37C0D09C}.Debug|Any CPU.Build.0 = Debug|Any CPU
		{B4522C3A-3DC3-4A82-A1B3-0D7B37C0D09C}.Release|Any CPU.ActiveCfg = Release|Any CPU
		{B4522C3A-3DC3-4A82-A1B3-0D7B37C0D09C}.Release|Any CPU.Build.0 = Release|Any CPU
		{6C99AACF-2E60-4A59-AE90-A16C05CB2D3D}.Debug|Any CPU.ActiveCfg = Debug|Any CPU
		{6C99AACF-2E60-4A59-AE90-A16C05CB2D3D}.Debug|Any CPU.Build.0 = Debug|Any CPU
		{6C99AACF-2E60-4A59-AE90-A16C05CB2D3D}.Release|Any CPU.ActiveCfg = Release|Any CPU
		{6C99AACF-2E60-4A59-AE90-A16C05CB2D3D}.Release|Any CPU.Build.0 = Release|Any CPU
		{8E2A5BC8-D1F7-46F2-A78B-12052966BD41}.Debug|Any CPU.ActiveCfg = Debug|Any CPU
		{8E2A5BC8-D1F7-46F2-A78B-12052966BD41}.Debug|Any CPU.Build.0 = Debug|Any CPU
		{8E2A5BC8-D1F7-46F2-A78B-12052966BD41}.Release|Any CPU.ActiveCfg = Release|Any CPU
		{8E2A5BC8-D1F7-46F2-A78B-12052966BD41}.Release|Any CPU.Build.0 = Release|Any CPU
		{61DCBC4B-9D79-4DC2-8736-2C82D763DDDF}.Debug|Any CPU.ActiveCfg = Debug|Any CPU
		{61DCBC4B-9D79-4DC2-8736-2C82D763DDDF}.Debug|Any CPU.Build.0 = Debug|Any CPU
		{61DCBC4B-9D79-4DC2-8736-2C82D763DDDF}.Release|Any CPU.ActiveCfg = Release|Any CPU
		{61DCBC4B-9D79-4DC2-8736-2C82D763DDDF}.Release|Any CPU.Build.0 = Release|Any CPU
		{19C2608C-4F12-4A42-AA81-409984DA4654}.Debug|Any CPU.ActiveCfg = Debug|Any CPU
		{19C2608C-4F12-4A42-AA81-409984DA4654}.Debug|Any CPU.Build.0 = Debug|Any CPU
		{19C2608C-4F12-4A42-AA81-409984DA4654}.Release|Any CPU.ActiveCfg = Release|Any CPU
		{19C2608C-4F12-4A42-AA81-409984DA4654}.Release|Any CPU.Build.0 = Release|Any CPU
		{047A180A-01A1-42F1-ACE4-AB7BE7D2F5EC}.Debug|Any CPU.ActiveCfg = Debug|Any CPU
		{047A180A-01A1-42F1-ACE4-AB7BE7D2F5EC}.Debug|Any CPU.Build.0 = Debug|Any CPU
		{047A180A-01A1-42F1-ACE4-AB7BE7D2F5EC}.Release|Any CPU.ActiveCfg = Release|Any CPU
		{047A180A-01A1-42F1-ACE4-AB7BE7D2F5EC}.Release|Any CPU.Build.0 = Release|Any CPU
		{39EAB2A0-6265-436D-97D6-68EDA59A9072}.Debug|Any CPU.ActiveCfg = Debug|Any CPU
		{39EAB2A0-6265-436D-97D6-68EDA59A9072}.Debug|Any CPU.Build.0 = Debug|Any CPU
		{39EAB2A0-6265-436D-97D6-68EDA59A9072}.Release|Any CPU.ActiveCfg = Release|Any CPU
		{39EAB2A0-6265-436D-97D6-68EDA59A9072}.Release|Any CPU.Build.0 = Release|Any CPU
		{823BAEE7-8E10-41C7-A38C-B64FBFF02F7E}.Debug|Any CPU.ActiveCfg = Debug|Any CPU
		{823BAEE7-8E10-41C7-A38C-B64FBFF02F7E}.Debug|Any CPU.Build.0 = Debug|Any CPU
		{823BAEE7-8E10-41C7-A38C-B64FBFF02F7E}.Release|Any CPU.ActiveCfg = Release|Any CPU
		{823BAEE7-8E10-41C7-A38C-B64FBFF02F7E}.Release|Any CPU.Build.0 = Release|Any CPU
		{7F93BF19-33B1-40C6-887A-381028097787}.Debug|Any CPU.ActiveCfg = Debug|Any CPU
		{7F93BF19-33B1-40C6-887A-381028097787}.Debug|Any CPU.Build.0 = Debug|Any CPU
		{7F93BF19-33B1-40C6-887A-381028097787}.Release|Any CPU.ActiveCfg = Release|Any CPU
		{7F93BF19-33B1-40C6-887A-381028097787}.Release|Any CPU.Build.0 = Release|Any CPU
		{1CC511B7-4569-44C7-9509-C76F6846A730}.Debug|Any CPU.ActiveCfg = Debug|Any CPU
		{1CC511B7-4569-44C7-9509-C76F6846A730}.Debug|Any CPU.Build.0 = Debug|Any CPU
		{1CC511B7-4569-44C7-9509-C76F6846A730}.Release|Any CPU.ActiveCfg = Release|Any CPU
		{1CC511B7-4569-44C7-9509-C76F6846A730}.Release|Any CPU.Build.0 = Release|Any CPU
		{52C2DC8E-B5DF-4C89-B0A5-93569283D819}.Debug|Any CPU.ActiveCfg = Debug|Any CPU
		{52C2DC8E-B5DF-4C89-B0A5-93569283D819}.Debug|Any CPU.Build.0 = Debug|Any CPU
		{52C2DC8E-B5DF-4C89-B0A5-93569283D819}.Release|Any CPU.ActiveCfg = Release|Any CPU
		{52C2DC8E-B5DF-4C89-B0A5-93569283D819}.Release|Any CPU.Build.0 = Release|Any CPU
		{033BBDB6-74BB-4891-81F1-6B70F6DFAA26}.Debug|Any CPU.ActiveCfg = Debug|Any CPU
		{033BBDB6-74BB-4891-81F1-6B70F6DFAA26}.Debug|Any CPU.Build.0 = Debug|Any CPU
		{033BBDB6-74BB-4891-81F1-6B70F6DFAA26}.Release|Any CPU.ActiveCfg = Release|Any CPU
		{033BBDB6-74BB-4891-81F1-6B70F6DFAA26}.Release|Any CPU.Build.0 = Release|Any CPU
		{13755ABB-B687-445B-AED1-14E54D9E4754}.Debug|Any CPU.ActiveCfg = Debug|Any CPU
		{13755ABB-B687-445B-AED1-14E54D9E4754}.Debug|Any CPU.Build.0 = Debug|Any CPU
		{13755ABB-B687-445B-AED1-14E54D9E4754}.Release|Any CPU.ActiveCfg = Release|Any CPU
		{13755ABB-B687-445B-AED1-14E54D9E4754}.Release|Any CPU.Build.0 = Release|Any CPU
		{B1FCA225-9F67-4974-A966-525073ECFC06}.Debug|Any CPU.ActiveCfg = Debug|Any CPU
		{B1FCA225-9F67-4974-A966-525073ECFC06}.Debug|Any CPU.Build.0 = Debug|Any CPU
		{B1FCA225-9F67-4974-A966-525073ECFC06}.Release|Any CPU.ActiveCfg = Release|Any CPU
		{B1FCA225-9F67-4974-A966-525073ECFC06}.Release|Any CPU.Build.0 = Release|Any CPU
		{ED5F2479-AA6E-401A-987E-C8DB84CB5011}.Debug|Any CPU.ActiveCfg = Debug|Any CPU
		{ED5F2479-AA6E-401A-987E-C8DB84CB5011}.Debug|Any CPU.Build.0 = Debug|Any CPU
		{ED5F2479-AA6E-401A-987E-C8DB84CB5011}.Release|Any CPU.ActiveCfg = Release|Any CPU
		{ED5F2479-AA6E-401A-987E-C8DB84CB5011}.Release|Any CPU.Build.0 = Release|Any CPU
		{FC626CDD-7BB5-44C0-BCAB-7D910EF1890C}.Debug|Any CPU.ActiveCfg = Debug|Any CPU
		{FC626CDD-7BB5-44C0-BCAB-7D910EF1890C}.Debug|Any CPU.Build.0 = Debug|Any CPU
		{FC626CDD-7BB5-44C0-BCAB-7D910EF1890C}.Release|Any CPU.ActiveCfg = Release|Any CPU
		{FC626CDD-7BB5-44C0-BCAB-7D910EF1890C}.Release|Any CPU.Build.0 = Release|Any CPU
		{5B0B5FCE-73F4-4085-833D-013A4FF17451}.Debug|Any CPU.ActiveCfg = Debug|Any CPU
		{5B0B5FCE-73F4-4085-833D-013A4FF17451}.Debug|Any CPU.Build.0 = Debug|Any CPU
		{5B0B5FCE-73F4-4085-833D-013A4FF17451}.Release|Any CPU.ActiveCfg = Release|Any CPU
		{5B0B5FCE-73F4-4085-833D-013A4FF17451}.Release|Any CPU.Build.0 = Release|Any CPU
		{36824AB2-4685-410F-B3C6-BB70DEB6D204}.Debug|Any CPU.ActiveCfg = Debug|Any CPU
		{36824AB2-4685-410F-B3C6-BB70DEB6D204}.Debug|Any CPU.Build.0 = Debug|Any CPU
		{36824AB2-4685-410F-B3C6-BB70DEB6D204}.Release|Any CPU.ActiveCfg = Release|Any CPU
		{36824AB2-4685-410F-B3C6-BB70DEB6D204}.Release|Any CPU.Build.0 = Release|Any CPU
		{1CAF4B91-F5A0-447F-B3DE-A39E1A67C384}.Debug|Any CPU.ActiveCfg = Debug|Any CPU
		{1CAF4B91-F5A0-447F-B3DE-A39E1A67C384}.Debug|Any CPU.Build.0 = Debug|Any CPU
		{1CAF4B91-F5A0-447F-B3DE-A39E1A67C384}.Release|Any CPU.ActiveCfg = Release|Any CPU
		{1CAF4B91-F5A0-447F-B3DE-A39E1A67C384}.Release|Any CPU.Build.0 = Release|Any CPU
		{222423DF-E0FA-4093-B71A-8671EA7CFBB6}.Debug|Any CPU.ActiveCfg = Debug|Any CPU
		{222423DF-E0FA-4093-B71A-8671EA7CFBB6}.Debug|Any CPU.Build.0 = Debug|Any CPU
		{222423DF-E0FA-4093-B71A-8671EA7CFBB6}.Release|Any CPU.ActiveCfg = Release|Any CPU
		{222423DF-E0FA-4093-B71A-8671EA7CFBB6}.Release|Any CPU.Build.0 = Release|Any CPU
		{3F1A6F16-B706-478F-ABC5-DA741BE71C2D}.Debug|Any CPU.ActiveCfg = Debug|Any CPU
		{3F1A6F16-B706-478F-ABC5-DA741BE71C2D}.Debug|Any CPU.Build.0 = Debug|Any CPU
		{3F1A6F16-B706-478F-ABC5-DA741BE71C2D}.Release|Any CPU.ActiveCfg = Release|Any CPU
		{3F1A6F16-B706-478F-ABC5-DA741BE71C2D}.Release|Any CPU.Build.0 = Release|Any CPU
		{77EB4899-8214-4189-BA97-25256CBC7A6F}.Debug|Any CPU.ActiveCfg = Debug|Any CPU
		{77EB4899-8214-4189-BA97-25256CBC7A6F}.Debug|Any CPU.Build.0 = Debug|Any CPU
		{77EB4899-8214-4189-BA97-25256CBC7A6F}.Release|Any CPU.ActiveCfg = Release|Any CPU
		{77EB4899-8214-4189-BA97-25256CBC7A6F}.Release|Any CPU.Build.0 = Release|Any CPU
		{027E77B2-2985-4B19-A43C-2CB82A99A24A}.Debug|Any CPU.ActiveCfg = Debug|Any CPU
		{027E77B2-2985-4B19-A43C-2CB82A99A24A}.Debug|Any CPU.Build.0 = Debug|Any CPU
		{027E77B2-2985-4B19-A43C-2CB82A99A24A}.Release|Any CPU.ActiveCfg = Release|Any CPU
		{027E77B2-2985-4B19-A43C-2CB82A99A24A}.Release|Any CPU.Build.0 = Release|Any CPU
		{FD2902A4-390B-4C45-AA3E-3A800DEAE31D}.Debug|Any CPU.ActiveCfg = Debug|Any CPU
		{FD2902A4-390B-4C45-AA3E-3A800DEAE31D}.Debug|Any CPU.Build.0 = Debug|Any CPU
		{FD2902A4-390B-4C45-AA3E-3A800DEAE31D}.Release|Any CPU.ActiveCfg = Release|Any CPU
		{FD2902A4-390B-4C45-AA3E-3A800DEAE31D}.Release|Any CPU.Build.0 = Release|Any CPU
		{6A1D52BB-393F-4762-94F6-205CAE7A6793}.Debug|Any CPU.ActiveCfg = Debug|Any CPU
		{6A1D52BB-393F-4762-94F6-205CAE7A6793}.Debug|Any CPU.Build.0 = Debug|Any CPU
		{6A1D52BB-393F-4762-94F6-205CAE7A6793}.Release|Any CPU.ActiveCfg = Release|Any CPU
		{6A1D52BB-393F-4762-94F6-205CAE7A6793}.Release|Any CPU.Build.0 = Release|Any CPU
		{E435FCF3-BE8E-4EBC-989D-8641ECD4C026}.Debug|Any CPU.ActiveCfg = Debug|Any CPU
		{E435FCF3-BE8E-4EBC-989D-8641ECD4C026}.Debug|Any CPU.Build.0 = Debug|Any CPU
		{E435FCF3-BE8E-4EBC-989D-8641ECD4C026}.Release|Any CPU.ActiveCfg = Release|Any CPU
		{E435FCF3-BE8E-4EBC-989D-8641ECD4C026}.Release|Any CPU.Build.0 = Release|Any CPU
		{673B2F20-A8CE-482D-BF5B-16CC3D2401C4}.Debug|Any CPU.ActiveCfg = Debug|Any CPU
		{673B2F20-A8CE-482D-BF5B-16CC3D2401C4}.Debug|Any CPU.Build.0 = Debug|Any CPU
		{673B2F20-A8CE-482D-BF5B-16CC3D2401C4}.Release|Any CPU.ActiveCfg = Release|Any CPU
		{673B2F20-A8CE-482D-BF5B-16CC3D2401C4}.Release|Any CPU.Build.0 = Release|Any CPU
		{35AA4679-F5C9-4EB9-9D21-7D12B0257B58}.Debug|Any CPU.ActiveCfg = Debug|Any CPU
		{35AA4679-F5C9-4EB9-9D21-7D12B0257B58}.Debug|Any CPU.Build.0 = Debug|Any CPU
		{35AA4679-F5C9-4EB9-9D21-7D12B0257B58}.Release|Any CPU.ActiveCfg = Release|Any CPU
		{35AA4679-F5C9-4EB9-9D21-7D12B0257B58}.Release|Any CPU.Build.0 = Release|Any CPU
		{FC204225-8E82-4088-A4FA-C8C9DE2A39B2}.Debug|Any CPU.ActiveCfg = Debug|Any CPU
		{FC204225-8E82-4088-A4FA-C8C9DE2A39B2}.Debug|Any CPU.Build.0 = Debug|Any CPU
		{FC204225-8E82-4088-A4FA-C8C9DE2A39B2}.Release|Any CPU.ActiveCfg = Release|Any CPU
		{FC204225-8E82-4088-A4FA-C8C9DE2A39B2}.Release|Any CPU.Build.0 = Release|Any CPU
		{E4D1AD25-3435-4A49-8037-BF06BA931C6C}.Debug|Any CPU.ActiveCfg = Debug|Any CPU
		{E4D1AD25-3435-4A49-8037-BF06BA931C6C}.Debug|Any CPU.Build.0 = Debug|Any CPU
		{E4D1AD25-3435-4A49-8037-BF06BA931C6C}.Release|Any CPU.ActiveCfg = Release|Any CPU
		{E4D1AD25-3435-4A49-8037-BF06BA931C6C}.Release|Any CPU.Build.0 = Release|Any CPU
		{E5D8B013-1CF8-4825-B4A1-AA41FF311A67}.Debug|Any CPU.ActiveCfg = Debug|Any CPU
		{E5D8B013-1CF8-4825-B4A1-AA41FF311A67}.Debug|Any CPU.Build.0 = Debug|Any CPU
		{E5D8B013-1CF8-4825-B4A1-AA41FF311A67}.Release|Any CPU.ActiveCfg = Release|Any CPU
		{E5D8B013-1CF8-4825-B4A1-AA41FF311A67}.Release|Any CPU.Build.0 = Release|Any CPU
		{075403F4-AFED-487D-98EE-2E2EACD4352B}.Debug|Any CPU.ActiveCfg = Debug|Any CPU
		{075403F4-AFED-487D-98EE-2E2EACD4352B}.Debug|Any CPU.Build.0 = Debug|Any CPU
		{075403F4-AFED-487D-98EE-2E2EACD4352B}.Release|Any CPU.ActiveCfg = Release|Any CPU
		{075403F4-AFED-487D-98EE-2E2EACD4352B}.Release|Any CPU.Build.0 = Release|Any CPU
		{3BA2670A-9094-4FEE-9171-02160E95C043}.Debug|Any CPU.ActiveCfg = Debug|Any CPU
		{3BA2670A-9094-4FEE-9171-02160E95C043}.Debug|Any CPU.Build.0 = Debug|Any CPU
		{3BA2670A-9094-4FEE-9171-02160E95C043}.Release|Any CPU.ActiveCfg = Release|Any CPU
		{3BA2670A-9094-4FEE-9171-02160E95C043}.Release|Any CPU.Build.0 = Release|Any CPU
		{0F83BA0C-7F41-4C4F-BCE8-62CD7BFD1658}.Debug|Any CPU.ActiveCfg = Debug|Any CPU
		{0F83BA0C-7F41-4C4F-BCE8-62CD7BFD1658}.Debug|Any CPU.Build.0 = Debug|Any CPU
		{0F83BA0C-7F41-4C4F-BCE8-62CD7BFD1658}.Release|Any CPU.ActiveCfg = Release|Any CPU
		{0F83BA0C-7F41-4C4F-BCE8-62CD7BFD1658}.Release|Any CPU.Build.0 = Release|Any CPU
		{A0D625DC-2DFE-43E0-A479-6A443A25FF65}.Debug|Any CPU.ActiveCfg = Debug|Any CPU
		{A0D625DC-2DFE-43E0-A479-6A443A25FF65}.Debug|Any CPU.Build.0 = Debug|Any CPU
		{A0D625DC-2DFE-43E0-A479-6A443A25FF65}.Release|Any CPU.ActiveCfg = Release|Any CPU
		{A0D625DC-2DFE-43E0-A479-6A443A25FF65}.Release|Any CPU.Build.0 = Release|Any CPU
		{F16E18E2-7861-4CE1-8308-754DBA7D95B0}.Debug|Any CPU.ActiveCfg = Debug|Any CPU
		{F16E18E2-7861-4CE1-8308-754DBA7D95B0}.Debug|Any CPU.Build.0 = Debug|Any CPU
		{F16E18E2-7861-4CE1-8308-754DBA7D95B0}.Release|Any CPU.ActiveCfg = Release|Any CPU
		{F16E18E2-7861-4CE1-8308-754DBA7D95B0}.Release|Any CPU.Build.0 = Release|Any CPU
		{E355F40F-5AB7-4277-943F-65D0F7B7157C}.Debug|Any CPU.ActiveCfg = Debug|Any CPU
		{E355F40F-5AB7-4277-943F-65D0F7B7157C}.Debug|Any CPU.Build.0 = Debug|Any CPU
		{E355F40F-5AB7-4277-943F-65D0F7B7157C}.Release|Any CPU.ActiveCfg = Release|Any CPU
		{E355F40F-5AB7-4277-943F-65D0F7B7157C}.Release|Any CPU.Build.0 = Release|Any CPU
		{823B1275-0944-4EB2-B0D5-ADE90E04FE8B}.Debug|Any CPU.ActiveCfg = Debug|Any CPU
		{823B1275-0944-4EB2-B0D5-ADE90E04FE8B}.Debug|Any CPU.Build.0 = Debug|Any CPU
		{823B1275-0944-4EB2-B0D5-ADE90E04FE8B}.Release|Any CPU.ActiveCfg = Release|Any CPU
		{823B1275-0944-4EB2-B0D5-ADE90E04FE8B}.Release|Any CPU.Build.0 = Release|Any CPU
		{AB0DB148-C8F5-4B41-8A6D-34DA4B3217AE}.Debug|Any CPU.ActiveCfg = Debug|Any CPU
		{AB0DB148-C8F5-4B41-8A6D-34DA4B3217AE}.Debug|Any CPU.Build.0 = Debug|Any CPU
		{AB0DB148-C8F5-4B41-8A6D-34DA4B3217AE}.Release|Any CPU.ActiveCfg = Release|Any CPU
		{AB0DB148-C8F5-4B41-8A6D-34DA4B3217AE}.Release|Any CPU.Build.0 = Release|Any CPU
		{6B48238B-2F19-4B71-A763-A1F40B09E234}.Debug|Any CPU.ActiveCfg = Debug|Any CPU
		{6B48238B-2F19-4B71-A763-A1F40B09E234}.Debug|Any CPU.Build.0 = Debug|Any CPU
		{6B48238B-2F19-4B71-A763-A1F40B09E234}.Release|Any CPU.ActiveCfg = Release|Any CPU
		{6B48238B-2F19-4B71-A763-A1F40B09E234}.Release|Any CPU.Build.0 = Release|Any CPU
		{A66ACCCB-1CB0-461B-85BE-5269F02790E9}.Debug|Any CPU.ActiveCfg = Debug|Any CPU
		{A66ACCCB-1CB0-461B-85BE-5269F02790E9}.Debug|Any CPU.Build.0 = Debug|Any CPU
		{A66ACCCB-1CB0-461B-85BE-5269F02790E9}.Release|Any CPU.ActiveCfg = Release|Any CPU
		{A66ACCCB-1CB0-461B-85BE-5269F02790E9}.Release|Any CPU.Build.0 = Release|Any CPU
		{385E3E44-DEE3-4FBA-AA02-6C749D13DAB5}.Debug|Any CPU.ActiveCfg = Debug|Any CPU
		{385E3E44-DEE3-4FBA-AA02-6C749D13DAB5}.Debug|Any CPU.Build.0 = Debug|Any CPU
		{385E3E44-DEE3-4FBA-AA02-6C749D13DAB5}.Release|Any CPU.ActiveCfg = Release|Any CPU
		{385E3E44-DEE3-4FBA-AA02-6C749D13DAB5}.Release|Any CPU.Build.0 = Release|Any CPU
		{3E31E647-D98C-4C1E-AA2F-B47F376386D5}.Debug|Any CPU.ActiveCfg = Debug|Any CPU
		{3E31E647-D98C-4C1E-AA2F-B47F376386D5}.Debug|Any CPU.Build.0 = Debug|Any CPU
		{3E31E647-D98C-4C1E-AA2F-B47F376386D5}.Release|Any CPU.ActiveCfg = Release|Any CPU
		{3E31E647-D98C-4C1E-AA2F-B47F376386D5}.Release|Any CPU.Build.0 = Release|Any CPU
		{98900E20-8B51-42DA-A784-B6468E302ADC}.Debug|Any CPU.ActiveCfg = Debug|Any CPU
		{98900E20-8B51-42DA-A784-B6468E302ADC}.Debug|Any CPU.Build.0 = Debug|Any CPU
		{98900E20-8B51-42DA-A784-B6468E302ADC}.Release|Any CPU.ActiveCfg = Release|Any CPU
		{98900E20-8B51-42DA-A784-B6468E302ADC}.Release|Any CPU.Build.0 = Release|Any CPU
		{546E73DC-F35A-4E9D-BCBB-F350CAFF5FF3}.Debug|Any CPU.ActiveCfg = Debug|Any CPU
		{546E73DC-F35A-4E9D-BCBB-F350CAFF5FF3}.Debug|Any CPU.Build.0 = Debug|Any CPU
		{546E73DC-F35A-4E9D-BCBB-F350CAFF5FF3}.Release|Any CPU.ActiveCfg = Release|Any CPU
		{546E73DC-F35A-4E9D-BCBB-F350CAFF5FF3}.Release|Any CPU.Build.0 = Release|Any CPU
		{4735B1AE-51BD-4C2D-8758-728672C5CE8B}.Debug|Any CPU.ActiveCfg = Debug|Any CPU
		{4735B1AE-51BD-4C2D-8758-728672C5CE8B}.Debug|Any CPU.Build.0 = Debug|Any CPU
		{4735B1AE-51BD-4C2D-8758-728672C5CE8B}.Release|Any CPU.ActiveCfg = Release|Any CPU
		{4735B1AE-51BD-4C2D-8758-728672C5CE8B}.Release|Any CPU.Build.0 = Release|Any CPU
		{749B92AE-73E3-477C-8E4B-6F49666DC0AB}.Debug|Any CPU.ActiveCfg = Debug|Any CPU
		{749B92AE-73E3-477C-8E4B-6F49666DC0AB}.Debug|Any CPU.Build.0 = Debug|Any CPU
		{749B92AE-73E3-477C-8E4B-6F49666DC0AB}.Release|Any CPU.ActiveCfg = Release|Any CPU
		{749B92AE-73E3-477C-8E4B-6F49666DC0AB}.Release|Any CPU.Build.0 = Release|Any CPU
		{0341FE66-9E01-4EE2-A522-57B398736790}.Debug|Any CPU.ActiveCfg = Debug|Any CPU
		{0341FE66-9E01-4EE2-A522-57B398736790}.Debug|Any CPU.Build.0 = Debug|Any CPU
		{0341FE66-9E01-4EE2-A522-57B398736790}.Release|Any CPU.ActiveCfg = Release|Any CPU
		{0341FE66-9E01-4EE2-A522-57B398736790}.Release|Any CPU.Build.0 = Release|Any CPU
		{CB1D0F08-67B4-46FF-9FC7-E6417954A3B8}.Debug|Any CPU.ActiveCfg = Debug|Any CPU
		{CB1D0F08-67B4-46FF-9FC7-E6417954A3B8}.Debug|Any CPU.Build.0 = Debug|Any CPU
		{CB1D0F08-67B4-46FF-9FC7-E6417954A3B8}.Release|Any CPU.ActiveCfg = Release|Any CPU
		{CB1D0F08-67B4-46FF-9FC7-E6417954A3B8}.Release|Any CPU.Build.0 = Release|Any CPU
		{A97295AA-6F02-4C43-80C2-DAA0380A2D3B}.Debug|Any CPU.ActiveCfg = Debug|Any CPU
		{A97295AA-6F02-4C43-80C2-DAA0380A2D3B}.Debug|Any CPU.Build.0 = Debug|Any CPU
		{A97295AA-6F02-4C43-80C2-DAA0380A2D3B}.Release|Any CPU.ActiveCfg = Release|Any CPU
		{A97295AA-6F02-4C43-80C2-DAA0380A2D3B}.Release|Any CPU.Build.0 = Release|Any CPU
		{BC4DC13B-0FB3-4FB7-9A21-D02F0429E576}.Debug|Any CPU.ActiveCfg = Debug|Any CPU
		{BC4DC13B-0FB3-4FB7-9A21-D02F0429E576}.Debug|Any CPU.Build.0 = Debug|Any CPU
		{BC4DC13B-0FB3-4FB7-9A21-D02F0429E576}.Release|Any CPU.ActiveCfg = Release|Any CPU
		{BC4DC13B-0FB3-4FB7-9A21-D02F0429E576}.Release|Any CPU.Build.0 = Release|Any CPU
		{2FCCD254-E7BF-4F8B-8543-4AE786C9F7D0}.Debug|Any CPU.ActiveCfg = Debug|Any CPU
		{2FCCD254-E7BF-4F8B-8543-4AE786C9F7D0}.Debug|Any CPU.Build.0 = Debug|Any CPU
		{2FCCD254-E7BF-4F8B-8543-4AE786C9F7D0}.Release|Any CPU.ActiveCfg = Release|Any CPU
		{2FCCD254-E7BF-4F8B-8543-4AE786C9F7D0}.Release|Any CPU.Build.0 = Release|Any CPU
		{E3209B82-73E4-4040-990C-160FC7B86A28}.Debug|Any CPU.ActiveCfg = Debug|Any CPU
		{E3209B82-73E4-4040-990C-160FC7B86A28}.Debug|Any CPU.Build.0 = Debug|Any CPU
		{E3209B82-73E4-4040-990C-160FC7B86A28}.Release|Any CPU.ActiveCfg = Release|Any CPU
		{E3209B82-73E4-4040-990C-160FC7B86A28}.Release|Any CPU.Build.0 = Release|Any CPU
		{1840F855-3895-4CF2-808C-47D28A126AF1}.Debug|Any CPU.ActiveCfg = Debug|Any CPU
		{1840F855-3895-4CF2-808C-47D28A126AF1}.Debug|Any CPU.Build.0 = Debug|Any CPU
		{1840F855-3895-4CF2-808C-47D28A126AF1}.Release|Any CPU.ActiveCfg = Release|Any CPU
		{1840F855-3895-4CF2-808C-47D28A126AF1}.Release|Any CPU.Build.0 = Release|Any CPU
		{36E65C08-6B3D-4D9F-8A7C-7DB536FF20B6}.Debug|Any CPU.ActiveCfg = Debug|Any CPU
		{36E65C08-6B3D-4D9F-8A7C-7DB536FF20B6}.Debug|Any CPU.Build.0 = Debug|Any CPU
		{36E65C08-6B3D-4D9F-8A7C-7DB536FF20B6}.Release|Any CPU.ActiveCfg = Release|Any CPU
		{36E65C08-6B3D-4D9F-8A7C-7DB536FF20B6}.Release|Any CPU.Build.0 = Release|Any CPU
		{B3346A20-AD87-496C-8728-7A8E9B666B6B}.Debug|Any CPU.ActiveCfg = Debug|Any CPU
		{B3346A20-AD87-496C-8728-7A8E9B666B6B}.Debug|Any CPU.Build.0 = Debug|Any CPU
		{B3346A20-AD87-496C-8728-7A8E9B666B6B}.Release|Any CPU.ActiveCfg = Release|Any CPU
		{B3346A20-AD87-496C-8728-7A8E9B666B6B}.Release|Any CPU.Build.0 = Release|Any CPU
		{DDAEF311-94F6-4D2F-A9D1-204BF6A8B5F3}.Debug|Any CPU.ActiveCfg = Debug|Any CPU
		{DDAEF311-94F6-4D2F-A9D1-204BF6A8B5F3}.Debug|Any CPU.Build.0 = Debug|Any CPU
		{DDAEF311-94F6-4D2F-A9D1-204BF6A8B5F3}.Release|Any CPU.ActiveCfg = Release|Any CPU
		{DDAEF311-94F6-4D2F-A9D1-204BF6A8B5F3}.Release|Any CPU.Build.0 = Release|Any CPU
		{CC6BD69F-EAF7-4529-8E52-FE64925D6608}.Debug|Any CPU.ActiveCfg = Debug|Any CPU
		{CC6BD69F-EAF7-4529-8E52-FE64925D6608}.Debug|Any CPU.Build.0 = Debug|Any CPU
		{CC6BD69F-EAF7-4529-8E52-FE64925D6608}.Release|Any CPU.ActiveCfg = Release|Any CPU
		{CC6BD69F-EAF7-4529-8E52-FE64925D6608}.Release|Any CPU.Build.0 = Release|Any CPU
		{3EAB416B-1923-4BAE-9748-E0BABED0A95B}.Debug|Any CPU.ActiveCfg = Debug|Any CPU
		{3EAB416B-1923-4BAE-9748-E0BABED0A95B}.Debug|Any CPU.Build.0 = Debug|Any CPU
		{3EAB416B-1923-4BAE-9748-E0BABED0A95B}.Release|Any CPU.ActiveCfg = Release|Any CPU
		{3EAB416B-1923-4BAE-9748-E0BABED0A95B}.Release|Any CPU.Build.0 = Release|Any CPU
		{1F6DB1EB-001E-44E4-A606-FA9E973D0145}.Debug|Any CPU.ActiveCfg = Debug|Any CPU
		{1F6DB1EB-001E-44E4-A606-FA9E973D0145}.Debug|Any CPU.Build.0 = Debug|Any CPU
		{1F6DB1EB-001E-44E4-A606-FA9E973D0145}.Release|Any CPU.ActiveCfg = Release|Any CPU
		{1F6DB1EB-001E-44E4-A606-FA9E973D0145}.Release|Any CPU.Build.0 = Release|Any CPU
		{C8CC6EFA-407D-4DE9-ABCB-EAFF7979CD8A}.Debug|Any CPU.ActiveCfg = Debug|Any CPU
		{C8CC6EFA-407D-4DE9-ABCB-EAFF7979CD8A}.Debug|Any CPU.Build.0 = Debug|Any CPU
		{C8CC6EFA-407D-4DE9-ABCB-EAFF7979CD8A}.Release|Any CPU.ActiveCfg = Release|Any CPU
		{C8CC6EFA-407D-4DE9-ABCB-EAFF7979CD8A}.Release|Any CPU.Build.0 = Release|Any CPU
		{AC0BE292-3C7B-4DA3-A5C2-434F32541CBF}.Debug|Any CPU.ActiveCfg = Debug|Any CPU
		{AC0BE292-3C7B-4DA3-A5C2-434F32541CBF}.Debug|Any CPU.Build.0 = Debug|Any CPU
		{AC0BE292-3C7B-4DA3-A5C2-434F32541CBF}.Release|Any CPU.ActiveCfg = Release|Any CPU
		{AC0BE292-3C7B-4DA3-A5C2-434F32541CBF}.Release|Any CPU.Build.0 = Release|Any CPU
		{AB86ADE2-74D8-42F6-9CED-E71417383E8C}.Debug|Any CPU.ActiveCfg = Debug|Any CPU
		{AB86ADE2-74D8-42F6-9CED-E71417383E8C}.Debug|Any CPU.Build.0 = Debug|Any CPU
		{AB86ADE2-74D8-42F6-9CED-E71417383E8C}.Release|Any CPU.ActiveCfg = Release|Any CPU
		{AB86ADE2-74D8-42F6-9CED-E71417383E8C}.Release|Any CPU.Build.0 = Release|Any CPU
		{C85E1FD9-F432-41DE-A42E-37F391E683DF}.Debug|Any CPU.ActiveCfg = Debug|Any CPU
		{C85E1FD9-F432-41DE-A42E-37F391E683DF}.Debug|Any CPU.Build.0 = Debug|Any CPU
		{C85E1FD9-F432-41DE-A42E-37F391E683DF}.Release|Any CPU.ActiveCfg = Release|Any CPU
		{C85E1FD9-F432-41DE-A42E-37F391E683DF}.Release|Any CPU.Build.0 = Release|Any CPU
		{08A8732F-AA2F-4175-9DCB-D6079D8C90EE}.Debug|Any CPU.ActiveCfg = Debug|Any CPU
		{08A8732F-AA2F-4175-9DCB-D6079D8C90EE}.Debug|Any CPU.Build.0 = Debug|Any CPU
		{08A8732F-AA2F-4175-9DCB-D6079D8C90EE}.Release|Any CPU.ActiveCfg = Release|Any CPU
		{08A8732F-AA2F-4175-9DCB-D6079D8C90EE}.Release|Any CPU.Build.0 = Release|Any CPU
		{6CF2AFD1-1C9E-4228-A5BE-80EDBF44B319}.Debug|Any CPU.ActiveCfg = Debug|Any CPU
		{6CF2AFD1-1C9E-4228-A5BE-80EDBF44B319}.Debug|Any CPU.Build.0 = Debug|Any CPU
		{6CF2AFD1-1C9E-4228-A5BE-80EDBF44B319}.Release|Any CPU.ActiveCfg = Release|Any CPU
		{6CF2AFD1-1C9E-4228-A5BE-80EDBF44B319}.Release|Any CPU.Build.0 = Release|Any CPU
		{DC2DE4F3-C388-4298-9508-467818C67170}.Debug|Any CPU.ActiveCfg = Debug|Any CPU
		{DC2DE4F3-C388-4298-9508-467818C67170}.Debug|Any CPU.Build.0 = Debug|Any CPU
		{DC2DE4F3-C388-4298-9508-467818C67170}.Release|Any CPU.ActiveCfg = Release|Any CPU
		{DC2DE4F3-C388-4298-9508-467818C67170}.Release|Any CPU.Build.0 = Release|Any CPU
		{F7DB06E0-ACC7-42B0-ABE3-D6E1F19B9A23}.Debug|Any CPU.ActiveCfg = Debug|Any CPU
		{F7DB06E0-ACC7-42B0-ABE3-D6E1F19B9A23}.Debug|Any CPU.Build.0 = Debug|Any CPU
		{F7DB06E0-ACC7-42B0-ABE3-D6E1F19B9A23}.Release|Any CPU.ActiveCfg = Release|Any CPU
		{F7DB06E0-ACC7-42B0-ABE3-D6E1F19B9A23}.Release|Any CPU.Build.0 = Release|Any CPU
		{B0971DCE-8000-45CA-A463-A52050E3C963}.Debug|Any CPU.ActiveCfg = Debug|Any CPU
		{B0971DCE-8000-45CA-A463-A52050E3C963}.Debug|Any CPU.Build.0 = Debug|Any CPU
		{B0971DCE-8000-45CA-A463-A52050E3C963}.Release|Any CPU.ActiveCfg = Release|Any CPU
		{B0971DCE-8000-45CA-A463-A52050E3C963}.Release|Any CPU.Build.0 = Release|Any CPU
	EndGlobalSection
	GlobalSection(SolutionProperties) = preSolution
		HideSolutionNode = FALSE
	EndGlobalSection
	GlobalSection(ExtensibilityGlobals) = postSolution
		SolutionGuid = {6000E8DC-6155-4D18-A358-8B44759E62CA}
	EndGlobalSection
EndGlobal
