
Microsoft Visual Studio Solution File, Format Version 12.00
# Visual Studio Version 17
VisualStudioVersion = 17.10.35122.118
MinimumVisualStudioVersion = 10.0.40219.1
Project("{9A19103F-16F7-4668-BE54-9A1E7A4F7556}") = "01.HelloDeveloper", "01.HelloDeveloper\01.HelloDeveloper.csproj", "{AB3EA060-23FB-4A2B-9DF7-69F12C46FE0C}"
EndProject
Project("{9A19103F-16F7-4668-BE54-9A1E7A4F7556}") = "ListAllProjectsInFolder", "ListAllProjectsInFolder\ListAllProjectsInFolder.csproj", "{05636AC2-8482-4950-8263-0482C41ED8F4}"
EndProject
Project("{9A19103F-16F7-4668-BE54-9A1E7A4F7556}") = "OOPWithIOTDeviceSample", "OOPWithIOTDeviceSample\OOPWithIOTDeviceSample.csproj", "{C93C4336-5AE2-4BAF-B9AD-4B7003B642C3}"
EndProject
Project("{9A19103F-16F7-4668-BE54-9A1E7A4F7556}") = "TypeSafetyDemo", "TypeSafetyDemo\TypeSafetyDemo.csproj", "{B4522C3A-3DC3-4A82-A1B3-0D7B37C0D09C}"
EndProject
Project("{9A19103F-16F7-4668-BE54-9A1E7A4F7556}") = "04.GarbageCollectorDemo", "04.GarbageCollectorDemo\04.GarbageCollectorDemo.csproj", "{6C99AACF-2E60-4A59-AE90-A16C05CB2D3D}"
EndProject
Project("{9A19103F-16F7-4668-BE54-9A1E7A4F7556}") = "Binding", "Binding\Binding.csproj", "{8E2A5BC8-D1F7-46F2-A78B-12052966BD41}"
EndProject
Project("{9A19103F-16F7-4668-BE54-9A1E7A4F7556}") = "AppDomainUsage", "AppDomainUsage\AppDomainUsage.csproj", "{61DCBC4B-9D79-4DC2-8736-2C82D763DDDF}"
EndProject
Project("{9A19103F-16F7-4668-BE54-9A1E7A4F7556}") = "ReservedWordsAndDataTypes", "ReservedWordsAndDataTypes\ReservedWordsAndDataTypes.csproj", "{19C2608C-4F12-4A42-AA81-409984DA4654}"
EndProject
Project("{9A19103F-16F7-4668-BE54-9A1E7A4F7556}") = "AbstractionAndInheritanceDemo", "AbstractionAndInheritanceDemo\AbstractionAndInheritanceDemo.csproj", "{047A180A-01A1-42F1-ACE4-AB7BE7D2F5EC}"
EndProject
Project("{9A19103F-16F7-4668-BE54-9A1E7A4F7556}") = "ContextualKeywordsDemo", "ContextualKeywordsDemo\ContextualKeywordsDemo.csproj", "{39EAB2A0-6265-436D-97D6-68EDA59A9072}"
EndProject
Project("{9A19103F-16F7-4668-BE54-9A1E7A4F7556}") = "BitManipulationDemo", "BitManipulationDemo\BitManipulationDemo.csproj", "{823BAEE7-8E10-41C7-A38C-B64FBFF02F7E}"
EndProject
Project("{9A19103F-16F7-4668-BE54-9A1E7A4F7556}") = "LiteralsPunctuatorsOperatorsDemo", "LiteralsPunctuatorsOperatorsDemo\LiteralsPunctuatorsOperatorsDemo.csproj", "{7F93BF19-33B1-40C6-887A-381028097787}"
EndProject
Project("{9A19103F-16F7-4668-BE54-9A1E7A4F7556}") = "GenericMathDemo", "GenericMathDemo\GenericMathDemo.csproj", "{1CC511B7-4569-44C7-9509-C76F6846A730}"
EndProject
Project("{9A19103F-16F7-4668-BE54-9A1E7A4F7556}") = "GarbageCollectionOverViewDemo", "GarbageCollectionOverViewDemo\GarbageCollectionOverViewDemo.csproj", "{52C2DC8E-B5DF-4C89-B0A5-93569283D819}"
EndProject
Project("{9A19103F-16F7-4668-BE54-9A1E7A4F7556}") = "InstanceVsStaticDemo", "InstanceVsStaticDemo\InstanceVsStaticDemo.csproj", "{033BBDB6-74BB-4891-81F1-6B70F6DFAA26}"
EndProject
Project("{9A19103F-16F7-4668-BE54-9A1E7A4F7556}") = "TypeConversionDemo", "TypeConversionDemo\TypeConversionDemo.csproj", "{13755ABB-B687-445B-AED1-14E54D9E4754}"
EndProject
Project("{9A19103F-16F7-4668-BE54-9A1E7A4F7556}") = "ValueTypesVsReferenceTypesDemo", "ValueTypesVsReferenceTypesDemo\ValueTypesVsReferenceTypesDemo.csproj", "{B1FCA225-9F67-4974-A966-525073ECFC06}"
EndProject
Project("{9A19103F-16F7-4668-BE54-9A1E7A4F7556}") = "NullableReferenceTypesDemo", "NullableReferenceTypesDemo\NullableReferenceTypesDemo.csproj", "{ED5F2479-AA6E-401A-987E-C8DB84CB5011}"
EndProject
Project("{9A19103F-16F7-4668-BE54-9A1E7A4F7556}") = "TypeTaxonomyDemo", "TypeTaxonomyDemo\TypeTaxonomyDemo.csproj", "{FC626CDD-7BB5-44C0-BCAB-7D910EF1890C}"
EndProject
Project("{9A19103F-16F7-4668-BE54-9A1E7A4F7556}") = "NumericTypesDemo", "NumericTypesDemo\NumericTypesDemo.csproj", "{5B0B5FCE-73F4-4085-833D-013A4FF17451}"
EndProject
Project("{9A19103F-16F7-4668-BE54-9A1E7A4F7556}") = "NumericLiteralsDemo", "NumericLiteralsDemo\NumericLiteralsDemo.csproj", "{36824AB2-4685-410F-B3C6-BB70DEB6D204}"
EndProject
Project("{9A19103F-16F7-4668-BE54-9A1E7A4F7556}") = "NumericSuffixesDemo", "NumericSuffixesDemo\NumericSuffixesDemo.csproj", "{1CAF4B91-F5A0-447F-B3DE-A39E1A67C384}"
EndProject
Project("{9A19103F-16F7-4668-BE54-9A1E7A4F7556}") = "FloatingPointConversions", "FloatingPointConversions\FloatingPointConversions.csproj", "{222423DF-E0FA-4093-B71A-8671EA7CFBB6}"
EndProject
Project("{9A19103F-16F7-4668-BE54-9A1E7A4F7556}") = "ArithmeticOperatorsDemo", "ArithmeticOperatorsDemo\ArithmeticOperatorsDemo.csproj", "{3F1A6F16-B706-478F-ABC5-DA741BE71C2D}"
EndProject
Project("{9A19103F-16F7-4668-BE54-9A1E7A4F7556}") = "FloatingPointDemo", "FloatingPointDemo\FloatingPointDemo.csproj", "{77EB4899-8214-4189-BA97-25256CBC7A6F}"
EndProject
Project("{9A19103F-16F7-4668-BE54-9A1E7A4F7556}") = "DecimalVsDouble", "DecimalVsDouble\DecimalVsDouble.csproj", "{027E77B2-2985-4B19-A43C-2CB82A99A24A}"
EndProject
Project("{FAE04EC0-301F-11D3-BF4B-00C04F79EFBC}") = "RoundingErrorsDemo", "RoundingErrorsDemo\RoundingErrorsDemo.csproj", "{FD2902A4-390B-4C45-AA3E-3A800DEAE31D}"
EndProject
Global
	GlobalSection(SolutionConfigurationPlatforms) = preSolution
		Debug|Any CPU = Debug|Any CPU
		Release|Any CPU = Release|Any CPU
	EndGlobalSection
	GlobalSection(ProjectConfigurationPlatforms) = postSolution
		{AB3EA060-23FB-4A2B-9DF7-69F12C46FE0C}.Debug|Any CPU.ActiveCfg = Debug|Any CPU
		{AB3EA060-23FB-4A2B-9DF7-69F12C46FE0C}.Debug|Any CPU.Build.0 = Debug|Any CPU
		{AB3EA060-23FB-4A2B-9DF7-69F12C46FE0C}.Release|Any CPU.ActiveCfg = Release|Any CPU
		{AB3EA060-23FB-4A2B-9DF7-69F12C46FE0C}.Release|Any CPU.Build.0 = Release|Any CPU
		{05636AC2-8482-4950-8263-0482C41ED8F4}.Debug|Any CPU.ActiveCfg = Debug|Any CPU
		{05636AC2-8482-4950-8263-0482C41ED8F4}.Debug|Any CPU.Build.0 = Debug|Any CPU
		{05636AC2-8482-4950-8263-0482C41ED8F4}.Release|Any CPU.ActiveCfg = Release|Any CPU
		{05636AC2-8482-4950-8263-0482C41ED8F4}.Release|Any CPU.Build.0 = Release|Any CPU
		{C93C4336-5AE2-4BAF-B9AD-4B7003B642C3}.Debug|Any CPU.ActiveCfg = Debug|Any CPU
		{C93C4336-5AE2-4BAF-B9AD-4B7003B642C3}.Debug|Any CPU.Build.0 = Debug|Any CPU
		{C93C4336-5AE2-4BAF-B9AD-4B7003B642C3}.Release|Any CPU.ActiveCfg = Release|Any CPU
		{C93C4336-5AE2-4BAF-B9AD-4B7003B642C3}.Release|Any CPU.Build.0 = Release|Any CPU
		{B4522C3A-3DC3-4A82-A1B3-0D7B37C0D09C}.Debug|Any CPU.ActiveCfg = Debug|Any CPU
		{B4522C3A-3DC3-4A82-A1B3-0D7B37C0D09C}.Debug|Any CPU.Build.0 = Debug|Any CPU
		{B4522C3A-3DC3-4A82-A1B3-0D7B37C0D09C}.Release|Any CPU.ActiveCfg = Release|Any CPU
		{B4522C3A-3DC3-4A82-A1B3-0D7B37C0D09C}.Release|Any CPU.Build.0 = Release|Any CPU
		{6C99AACF-2E60-4A59-AE90-A16C05CB2D3D}.Debug|Any CPU.ActiveCfg = Debug|Any CPU
		{6C99AACF-2E60-4A59-AE90-A16C05CB2D3D}.Debug|Any CPU.Build.0 = Debug|Any CPU
		{6C99AACF-2E60-4A59-AE90-A16C05CB2D3D}.Release|Any CPU.ActiveCfg = Release|Any CPU
		{6C99AACF-2E60-4A59-AE90-A16C05CB2D3D}.Release|Any CPU.Build.0 = Release|Any CPU
		{8E2A5BC8-D1F7-46F2-A78B-12052966BD41}.Debug|Any CPU.ActiveCfg = Debug|Any CPU
		{8E2A5BC8-D1F7-46F2-A78B-12052966BD41}.Debug|Any CPU.Build.0 = Debug|Any CPU
		{8E2A5BC8-D1F7-46F2-A78B-12052966BD41}.Release|Any CPU.ActiveCfg = Release|Any CPU
		{8E2A5BC8-D1F7-46F2-A78B-12052966BD41}.Release|Any CPU.Build.0 = Release|Any CPU
		{61DCBC4B-9D79-4DC2-8736-2C82D763DDDF}.Debug|Any CPU.ActiveCfg = Debug|Any CPU
		{61DCBC4B-9D79-4DC2-8736-2C82D763DDDF}.Debug|Any CPU.Build.0 = Debug|Any CPU
		{61DCBC4B-9D79-4DC2-8736-2C82D763DDDF}.Release|Any CPU.ActiveCfg = Release|Any CPU
		{61DCBC4B-9D79-4DC2-8736-2C82D763DDDF}.Release|Any CPU.Build.0 = Release|Any CPU
		{19C2608C-4F12-4A42-AA81-409984DA4654}.Debug|Any CPU.ActiveCfg = Debug|Any CPU
		{19C2608C-4F12-4A42-AA81-409984DA4654}.Debug|Any CPU.Build.0 = Debug|Any CPU
		{19C2608C-4F12-4A42-AA81-409984DA4654}.Release|Any CPU.ActiveCfg = Release|Any CPU
		{19C2608C-4F12-4A42-AA81-409984DA4654}.Release|Any CPU.Build.0 = Release|Any CPU
		{047A180A-01A1-42F1-ACE4-AB7BE7D2F5EC}.Debug|Any CPU.ActiveCfg = Debug|Any CPU
		{047A180A-01A1-42F1-ACE4-AB7BE7D2F5EC}.Debug|Any CPU.Build.0 = Debug|Any CPU
		{047A180A-01A1-42F1-ACE4-AB7BE7D2F5EC}.Release|Any CPU.ActiveCfg = Release|Any CPU
		{047A180A-01A1-42F1-ACE4-AB7BE7D2F5EC}.Release|Any CPU.Build.0 = Release|Any CPU
		{39EAB2A0-6265-436D-97D6-68EDA59A9072}.Debug|Any CPU.ActiveCfg = Debug|Any CPU
		{39EAB2A0-6265-436D-97D6-68EDA59A9072}.Debug|Any CPU.Build.0 = Debug|Any CPU
		{39EAB2A0-6265-436D-97D6-68EDA59A9072}.Release|Any CPU.ActiveCfg = Release|Any CPU
		{39EAB2A0-6265-436D-97D6-68EDA59A9072}.Release|Any CPU.Build.0 = Release|Any CPU
		{823BAEE7-8E10-41C7-A38C-B64FBFF02F7E}.Debug|Any CPU.ActiveCfg = Debug|Any CPU
		{823BAEE7-8E10-41C7-A38C-B64FBFF02F7E}.Debug|Any CPU.Build.0 = Debug|Any CPU
		{823BAEE7-8E10-41C7-A38C-B64FBFF02F7E}.Release|Any CPU.ActiveCfg = Release|Any CPU
		{823BAEE7-8E10-41C7-A38C-B64FBFF02F7E}.Release|Any CPU.Build.0 = Release|Any CPU
		{7F93BF19-33B1-40C6-887A-381028097787}.Debug|Any CPU.ActiveCfg = Debug|Any CPU
		{7F93BF19-33B1-40C6-887A-381028097787}.Debug|Any CPU.Build.0 = Debug|Any CPU
		{7F93BF19-33B1-40C6-887A-381028097787}.Release|Any CPU.ActiveCfg = Release|Any CPU
		{7F93BF19-33B1-40C6-887A-381028097787}.Release|Any CPU.Build.0 = Release|Any CPU
		{1CC511B7-4569-44C7-9509-C76F6846A730}.Debug|Any CPU.ActiveCfg = Debug|Any CPU
		{1CC511B7-4569-44C7-9509-C76F6846A730}.Debug|Any CPU.Build.0 = Debug|Any CPU
		{1CC511B7-4569-44C7-9509-C76F6846A730}.Release|Any CPU.ActiveCfg = Release|Any CPU
		{1CC511B7-4569-44C7-9509-C76F6846A730}.Release|Any CPU.Build.0 = Release|Any CPU
		{52C2DC8E-B5DF-4C89-B0A5-93569283D819}.Debug|Any CPU.ActiveCfg = Debug|Any CPU
		{52C2DC8E-B5DF-4C89-B0A5-93569283D819}.Debug|Any CPU.Build.0 = Debug|Any CPU
		{52C2DC8E-B5DF-4C89-B0A5-93569283D819}.Release|Any CPU.ActiveCfg = Release|Any CPU
		{52C2DC8E-B5DF-4C89-B0A5-93569283D819}.Release|Any CPU.Build.0 = Release|Any CPU
		{033BBDB6-74BB-4891-81F1-6B70F6DFAA26}.Debug|Any CPU.ActiveCfg = Debug|Any CPU
		{033BBDB6-74BB-4891-81F1-6B70F6DFAA26}.Debug|Any CPU.Build.0 = Debug|Any CPU
		{033BBDB6-74BB-4891-81F1-6B70F6DFAA26}.Release|Any CPU.ActiveCfg = Release|Any CPU
		{033BBDB6-74BB-4891-81F1-6B70F6DFAA26}.Release|Any CPU.Build.0 = Release|Any CPU
		{13755ABB-B687-445B-AED1-14E54D9E4754}.Debug|Any CPU.ActiveCfg = Debug|Any CPU
		{13755ABB-B687-445B-AED1-14E54D9E4754}.Debug|Any CPU.Build.0 = Debug|Any CPU
		{13755ABB-B687-445B-AED1-14E54D9E4754}.Release|Any CPU.ActiveCfg = Release|Any CPU
		{13755ABB-B687-445B-AED1-14E54D9E4754}.Release|Any CPU.Build.0 = Release|Any CPU
		{B1FCA225-9F67-4974-A966-525073ECFC06}.Debug|Any CPU.ActiveCfg = Debug|Any CPU
		{B1FCA225-9F67-4974-A966-525073ECFC06}.Debug|Any CPU.Build.0 = Debug|Any CPU
		{B1FCA225-9F67-4974-A966-525073ECFC06}.Release|Any CPU.ActiveCfg = Release|Any CPU
		{B1FCA225-9F67-4974-A966-525073ECFC06}.Release|Any CPU.Build.0 = Release|Any CPU
		{ED5F2479-AA6E-401A-987E-C8DB84CB5011}.Debug|Any CPU.ActiveCfg = Debug|Any CPU
		{ED5F2479-AA6E-401A-987E-C8DB84CB5011}.Debug|Any CPU.Build.0 = Debug|Any CPU
		{ED5F2479-AA6E-401A-987E-C8DB84CB5011}.Release|Any CPU.ActiveCfg = Release|Any CPU
		{ED5F2479-AA6E-401A-987E-C8DB84CB5011}.Release|Any CPU.Build.0 = Release|Any CPU
		{FC626CDD-7BB5-44C0-BCAB-7D910EF1890C}.Debug|Any CPU.ActiveCfg = Debug|Any CPU
		{FC626CDD-7BB5-44C0-BCAB-7D910EF1890C}.Debug|Any CPU.Build.0 = Debug|Any CPU
		{FC626CDD-7BB5-44C0-BCAB-7D910EF1890C}.Release|Any CPU.ActiveCfg = Release|Any CPU
		{FC626CDD-7BB5-44C0-BCAB-7D910EF1890C}.Release|Any CPU.Build.0 = Release|Any CPU
		{5B0B5FCE-73F4-4085-833D-013A4FF17451}.Debug|Any CPU.ActiveCfg = Debug|Any CPU
		{5B0B5FCE-73F4-4085-833D-013A4FF17451}.Debug|Any CPU.Build.0 = Debug|Any CPU
		{5B0B5FCE-73F4-4085-833D-013A4FF17451}.Release|Any CPU.ActiveCfg = Release|Any CPU
		{5B0B5FCE-73F4-4085-833D-013A4FF17451}.Release|Any CPU.Build.0 = Release|Any CPU
		{36824AB2-4685-410F-B3C6-BB70DEB6D204}.Debug|Any CPU.ActiveCfg = Debug|Any CPU
		{36824AB2-4685-410F-B3C6-BB70DEB6D204}.Debug|Any CPU.Build.0 = Debug|Any CPU
		{36824AB2-4685-410F-B3C6-BB70DEB6D204}.Release|Any CPU.ActiveCfg = Release|Any CPU
		{36824AB2-4685-410F-B3C6-BB70DEB6D204}.Release|Any CPU.Build.0 = Release|Any CPU
		{1CAF4B91-F5A0-447F-B3DE-A39E1A67C384}.Debug|Any CPU.ActiveCfg = Debug|Any CPU
		{1CAF4B91-F5A0-447F-B3DE-A39E1A67C384}.Debug|Any CPU.Build.0 = Debug|Any CPU
		{1CAF4B91-F5A0-447F-B3DE-A39E1A67C384}.Release|Any CPU.ActiveCfg = Release|Any CPU
		{1CAF4B91-F5A0-447F-B3DE-A39E1A67C384}.Release|Any CPU.Build.0 = Release|Any CPU
		{222423DF-E0FA-4093-B71A-8671EA7CFBB6}.Debug|Any CPU.ActiveCfg = Debug|Any CPU
		{222423DF-E0FA-4093-B71A-8671EA7CFBB6}.Debug|Any CPU.Build.0 = Debug|Any CPU
		{222423DF-E0FA-4093-B71A-8671EA7CFBB6}.Release|Any CPU.ActiveCfg = Release|Any CPU
		{222423DF-E0FA-4093-B71A-8671EA7CFBB6}.Release|Any CPU.Build.0 = Release|Any CPU
		{3F1A6F16-B706-478F-ABC5-DA741BE71C2D}.Debug|Any CPU.ActiveCfg = Debug|Any CPU
		{3F1A6F16-B706-478F-ABC5-DA741BE71C2D}.Debug|Any CPU.Build.0 = Debug|Any CPU
		{3F1A6F16-B706-478F-ABC5-DA741BE71C2D}.Release|Any CPU.ActiveCfg = Release|Any CPU
		{3F1A6F16-B706-478F-ABC5-DA741BE71C2D}.Release|Any CPU.Build.0 = Release|Any CPU
		{77EB4899-8214-4189-BA97-25256CBC7A6F}.Debug|Any CPU.ActiveCfg = Debug|Any CPU
		{77EB4899-8214-4189-BA97-25256CBC7A6F}.Debug|Any CPU.Build.0 = Debug|Any CPU
		{77EB4899-8214-4189-BA97-25256CBC7A6F}.Release|Any CPU.ActiveCfg = Release|Any CPU
		{77EB4899-8214-4189-BA97-25256CBC7A6F}.Release|Any CPU.Build.0 = Release|Any CPU
		{027E77B2-2985-4B19-A43C-2CB82A99A24A}.Debug|Any CPU.ActiveCfg = Debug|Any CPU
		{027E77B2-2985-4B19-A43C-2CB82A99A24A}.Debug|Any CPU.Build.0 = Debug|Any CPU
		{027E77B2-2985-4B19-A43C-2CB82A99A24A}.Release|Any CPU.ActiveCfg = Release|Any CPU
		{027E77B2-2985-4B19-A43C-2CB82A99A24A}.Release|Any CPU.Build.0 = Release|Any CPU
		{FD2902A4-390B-4C45-AA3E-3A800DEAE31D}.Debug|Any CPU.ActiveCfg = Debug|Any CPU
		{FD2902A4-390B-4C45-AA3E-3A800DEAE31D}.Debug|Any CPU.Build.0 = Debug|Any CPU
		{FD2902A4-390B-4C45-AA3E-3A800DEAE31D}.Release|Any CPU.ActiveCfg = Release|Any CPU
		{FD2902A4-390B-4C45-AA3E-3A800DEAE31D}.Release|Any CPU.Build.0 = Release|Any CPU
	EndGlobalSection
	GlobalSection(SolutionProperties) = preSolution
		HideSolutionNode = FALSE
	EndGlobalSection
	GlobalSection(ExtensibilityGlobals) = postSolution
		SolutionGuid = {6000E8DC-6155-4D18-A358-8B44759E62CA}
	EndGlobalSection
EndGlobal
