
Microsoft Visual Studio Solution File, Format Version 12.00
# Visual Studio Version 17
VisualStudioVersion = 17.10.35122.118
MinimumVisualStudioVersion = 10.0.40219.1
Project("{9A19103F-16F7-4668-BE54-9A1E7A4F7556}") = "01.HelloDeveloper", "01.HelloDeveloper\01.HelloDeveloper.csproj", "{AB3EA060-23FB-4A2B-9DF7-69F12C46FE0C}"
EndProject
Project("{9A19103F-16F7-4668-BE54-9A1E7A4F7556}") = "ListAllProjectsInFolder", "ListAllProjectsInFolder\ListAllProjectsInFolder.csproj", "{05636AC2-8482-4950-8263-0482C41ED8F4}"
EndProject
Project("{9A19103F-16F7-4668-BE54-9A1E7A4F7556}") = "OOPWithIOTDeviceSample", "OOPWithIOTDeviceSample\OOPWithIOTDeviceSample.csproj", "{C93C4336-5AE2-4BAF-B9AD-4B7003B642C3}"
EndProject
Project("{9A19103F-16F7-4668-BE54-9A1E7A4F7556}") = "TypeSafetyDemo", "TypeSafetyDemo\TypeSafetyDemo.csproj", "{B4522C3A-3DC3-4A82-A1B3-0D7B37C0D09C}"
EndProject
Project("{9A19103F-16F7-4668-BE54-9A1E7A4F7556}") = "04.GarbageCollectorDemo", "04.GarbageCollectorDemo\04.GarbageCollectorDemo.csproj", "{6C99AACF-2E60-4A59-AE90-A16C05CB2D3D}"
EndProject
Project("{9A19103F-16F7-4668-BE54-9A1E7A4F7556}") = "Binding", "Binding\Binding.csproj", "{8E2A5BC8-D1F7-46F2-A78B-12052966BD41}"
EndProject
Project("{9A19103F-16F7-4668-BE54-9A1E7A4F7556}") = "AppDomainUsage", "AppDomainUsage\AppDomainUsage.csproj", "{61DCBC4B-9D79-4DC2-8736-2C82D763DDDF}"
EndProject
Project("{9A19103F-16F7-4668-BE54-9A1E7A4F7556}") = "ReservedWordsAndDataTypes", "ReservedWordsAndDataTypes\ReservedWordsAndDataTypes.csproj", "{19C2608C-4F12-4A42-AA81-409984DA4654}"
EndProject
Project("{FAE04EC0-301F-11D3-BF4B-00C04F79EFBC}") = "AbstractionAndInheritanceDemo", "AbstractionAndInheritanceDemo\AbstractionAndInheritanceDemo.csproj", "{047A180A-01A1-42F1-ACE4-AB7BE7D2F5EC}"
EndProject
Project("{FAE04EC0-301F-11D3-BF4B-00C04F79EFBC}") = "ContextualKeywordsDemo", "ContextualKeywordsDemo\ContextualKeywordsDemo.csproj", "{39EAB2A0-6265-436D-97D6-68EDA59A9072}"
EndProject
Global
	GlobalSection(SolutionConfigurationPlatforms) = preSolution
		Debug|Any CPU = Debug|Any CPU
		Release|Any CPU = Release|Any CPU
	EndGlobalSection
	GlobalSection(ProjectConfigurationPlatforms) = postSolution
		{AB3EA060-23FB-4A2B-9DF7-69F12C46FE0C}.Debug|Any CPU.ActiveCfg = Debug|Any CPU
		{AB3EA060-23FB-4A2B-9DF7-69F12C46FE0C}.Debug|Any CPU.Build.0 = Debug|Any CPU
		{AB3EA060-23FB-4A2B-9DF7-69F12C46FE0C}.Release|Any CPU.ActiveCfg = Release|Any CPU
		{AB3EA060-23FB-4A2B-9DF7-69F12C46FE0C}.Release|Any CPU.Build.0 = Release|Any CPU
		{05636AC2-8482-4950-8263-0482C41ED8F4}.Debug|Any CPU.ActiveCfg = Debug|Any CPU
		{05636AC2-8482-4950-8263-0482C41ED8F4}.Debug|Any CPU.Build.0 = Debug|Any CPU
		{05636AC2-8482-4950-8263-0482C41ED8F4}.Release|Any CPU.ActiveCfg = Release|Any CPU
		{05636AC2-8482-4950-8263-0482C41ED8F4}.Release|Any CPU.Build.0 = Release|Any CPU
		{C93C4336-5AE2-4BAF-B9AD-4B7003B642C3}.Debug|Any CPU.ActiveCfg = Debug|Any CPU
		{C93C4336-5AE2-4BAF-B9AD-4B7003B642C3}.Debug|Any CPU.Build.0 = Debug|Any CPU
		{C93C4336-5AE2-4BAF-B9AD-4B7003B642C3}.Release|Any CPU.ActiveCfg = Release|Any CPU
		{C93C4336-5AE2-4BAF-B9AD-4B7003B642C3}.Release|Any CPU.Build.0 = Release|Any CPU
		{B4522C3A-3DC3-4A82-A1B3-0D7B37C0D09C}.Debug|Any CPU.ActiveCfg = Debug|Any CPU
		{B4522C3A-3DC3-4A82-A1B3-0D7B37C0D09C}.Debug|Any CPU.Build.0 = Debug|Any CPU
		{B4522C3A-3DC3-4A82-A1B3-0D7B37C0D09C}.Release|Any CPU.ActiveCfg = Release|Any CPU
		{B4522C3A-3DC3-4A82-A1B3-0D7B37C0D09C}.Release|Any CPU.Build.0 = Release|Any CPU
		{6C99AACF-2E60-4A59-AE90-A16C05CB2D3D}.Debug|Any CPU.ActiveCfg = Debug|Any CPU
		{6C99AACF-2E60-4A59-AE90-A16C05CB2D3D}.Debug|Any CPU.Build.0 = Debug|Any CPU
		{6C99AACF-2E60-4A59-AE90-A16C05CB2D3D}.Release|Any CPU.ActiveCfg = Release|Any CPU
		{6C99AACF-2E60-4A59-AE90-A16C05CB2D3D}.Release|Any CPU.Build.0 = Release|Any CPU
		{8E2A5BC8-D1F7-46F2-A78B-12052966BD41}.Debug|Any CPU.ActiveCfg = Debug|Any CPU
		{8E2A5BC8-D1F7-46F2-A78B-12052966BD41}.Debug|Any CPU.Build.0 = Debug|Any CPU
		{8E2A5BC8-D1F7-46F2-A78B-12052966BD41}.Release|Any CPU.ActiveCfg = Release|Any CPU
		{8E2A5BC8-D1F7-46F2-A78B-12052966BD41}.Release|Any CPU.Build.0 = Release|Any CPU
		{61DCBC4B-9D79-4DC2-8736-2C82D763DDDF}.Debug|Any CPU.ActiveCfg = Debug|Any CPU
		{61DCBC4B-9D79-4DC2-8736-2C82D763DDDF}.Debug|Any CPU.Build.0 = Debug|Any CPU
		{61DCBC4B-9D79-4DC2-8736-2C82D763DDDF}.Release|Any CPU.ActiveCfg = Release|Any CPU
		{61DCBC4B-9D79-4DC2-8736-2C82D763DDDF}.Release|Any CPU.Build.0 = Release|Any CPU
		{19C2608C-4F12-4A42-AA81-409984DA4654}.Debug|Any CPU.ActiveCfg = Debug|Any CPU
		{19C2608C-4F12-4A42-AA81-409984DA4654}.Debug|Any CPU.Build.0 = Debug|Any CPU
		{19C2608C-4F12-4A42-AA81-409984DA4654}.Release|Any CPU.ActiveCfg = Release|Any CPU
		{19C2608C-4F12-4A42-AA81-409984DA4654}.Release|Any CPU.Build.0 = Release|Any CPU
		{047A180A-01A1-42F1-ACE4-AB7BE7D2F5EC}.Debug|Any CPU.ActiveCfg = Debug|Any CPU
		{047A180A-01A1-42F1-ACE4-AB7BE7D2F5EC}.Debug|Any CPU.Build.0 = Debug|Any CPU
		{047A180A-01A1-42F1-ACE4-AB7BE7D2F5EC}.Release|Any CPU.ActiveCfg = Release|Any CPU
		{047A180A-01A1-42F1-ACE4-AB7BE7D2F5EC}.Release|Any CPU.Build.0 = Release|Any CPU
		{39EAB2A0-6265-436D-97D6-68EDA59A9072}.Debug|Any CPU.ActiveCfg = Debug|Any CPU
		{39EAB2A0-6265-436D-97D6-68EDA59A9072}.Debug|Any CPU.Build.0 = Debug|Any CPU
		{39EAB2A0-6265-436D-97D6-68EDA59A9072}.Release|Any CPU.ActiveCfg = Release|Any CPU
		{39EAB2A0-6265-436D-97D6-68EDA59A9072}.Release|Any CPU.Build.0 = Release|Any CPU
	EndGlobalSection
	GlobalSection(SolutionProperties) = preSolution
		HideSolutionNode = FALSE
	EndGlobalSection
	GlobalSection(ExtensibilityGlobals) = postSolution
		SolutionGuid = {6000E8DC-6155-4D18-A358-8B44759E62CA}
	EndGlobalSection
EndGlobal
